
Microsoft Visual Studio Solution File, Format Version 12.00
# Visual Studio Version 17
VisualStudioVersion = 17.13.35818.85 d17.13
MinimumVisualStudioVersion = 10.0.40219.1
Project("{54A90642-561A-4BB1-A94E-469ADEE60C69}") = "beingsearchapp.client", "beingsearchapp.client\beingsearchapp.client.esproj", "{D0440469-FE87-3546-3403-9E860CD74C0E}"
EndProject
Project("{FAE04EC0-301F-11D3-BF4B-00C04F79EFBC}") = "BeingSearchApp.Server", "BeingSearchApp.Server\BeingSearchApp.Server.csproj", "{D63AFB60-DA83-4EB6-8BF3-E3FA6E19FCB4}"
EndProject
Global
	GlobalSection(SolutionConfigurationPlatforms) = preSolution
		Debug|Any CPU = Debug|Any CPU
		Release|Any CPU = Release|Any CPU
	EndGlobalSection
	GlobalSection(ProjectConfigurationPlatforms) = postSolution
		{D0440469-FE87-3546-3403-9E860CD74C0E}.Debug|Any CPU.ActiveCfg = Debug|Any CPU
		{D0440469-FE87-3546-3403-9E860CD74C0E}.Debug|Any CPU.Build.0 = Debug|Any CPU
		{D0440469-FE87-3546-3403-9E860CD74C0E}.Debug|Any CPU.Deploy.0 = Debug|Any CPU
		{D0440469-FE87-3546-3403-9E860CD74C0E}.Release|Any CPU.ActiveCfg = Release|Any CPU
		{D0440469-FE87-3546-3403-9E860CD74C0E}.Release|Any CPU.Build.0 = Release|Any CPU
		{D0440469-FE87-3546-3403-9E860CD74C0E}.Release|Any CPU.Deploy.0 = Release|Any CPU
		{D63AFB60-DA83-4EB6-8BF3-E3FA6E19FCB4}.Debug|Any CPU.ActiveCfg = Debug|Any CPU
		{D63AFB60-DA83-4EB6-8BF3-E3FA6E19FCB4}.Debug|Any CPU.Build.0 = Debug|Any CPU
		{D63AFB60-DA83-4EB6-8BF3-E3FA6E19FCB4}.Release|Any CPU.ActiveCfg = Release|Any CPU
		{D63AFB60-DA83-4EB6-8BF3-E3FA6E19FCB4}.Release|Any CPU.Build.0 = Release|Any CPU
	EndGlobalSection
	GlobalSection(SolutionProperties) = preSolution
		HideSolutionNode = FALSE
	EndGlobalSection
	GlobalSection(ExtensibilityGlobals) = postSolution
		SolutionGuid = {397BC078-EB37-4D67-A347-F22E53B09744}
	EndGlobalSection
EndGlobal
